
Microsoft Visual Studio Solution File, Format Version 12.00
Project("{FAE04EC0-301F-11D3-BF4B-00C04F79EFBC}") = "StatefulMenu", "src\StatefulMenu\StatefulMenu.csproj", "{3AE848E4-EF57-4227-BAF9-DE00DA6C3BB8}"
EndProject
Project("{2150E333-8FDC-42A3-9474-1A3956D46DE8}") = "src", "src", "{953EE581-F49C-4C2A-BD99-940D9C6B7AAB}"
EndProject
Project("{2150E333-8FDC-42A3-9474-1A3956D46DE8}") = "test", "test", "{F3D147E8-53BF-4409-9067-997791C458A8}"
EndProject
Project("{FAE04EC0-301F-11D3-BF4B-00C04F79EFBC}") = "StatefulMenu.IntegrationTests", "test\StatefulMenu.IntegrationTests\StatefulMenu.IntegrationTests.csproj", "{DE4EB6C7-D599-46EC-9D3A-6E8FDFDEC170}"
EndProject
Project("{2150E333-8FDC-42A3-9474-1A3956D46DE8}") = "temp", "temp", "{29F3AA1B-6D75-C75D-9183-749A65CD24A7}"
EndProject
Project("{FAE04EC0-301F-11D3-BF4B-00C04F79EFBC}") = "ClinicDemo", "temp\ClinicDemo\ClinicDemo.csproj", "{3236B723-C993-4EED-87EE-FF94B0679F51}"
EndProject
Global
	GlobalSection(SolutionConfigurationPlatforms) = preSolution
		Debug|Any CPU = Debug|Any CPU
		Debug|x64 = Debug|x64
		Debug|x86 = Debug|x86
		Release|Any CPU = Release|Any CPU
		Release|x64 = Release|x64
		Release|x86 = Release|x86
	EndGlobalSection
	GlobalSection(ProjectConfigurationPlatforms) = postSolution
		{3AE848E4-EF57-4227-BAF9-DE00DA6C3BB8}.Debug|Any CPU.ActiveCfg = Debug|Any CPU
		{3AE848E4-EF57-4227-BAF9-DE00DA6C3BB8}.Debug|Any CPU.Build.0 = Debug|Any CPU
		{3AE848E4-EF57-4227-BAF9-DE00DA6C3BB8}.Debug|x64.ActiveCfg = Debug|Any CPU
		{3AE848E4-EF57-4227-BAF9-DE00DA6C3BB8}.Debug|x64.Build.0 = Debug|Any CPU
		{3AE848E4-EF57-4227-BAF9-DE00DA6C3BB8}.Debug|x86.ActiveCfg = Debug|Any CPU
		{3AE848E4-EF57-4227-BAF9-DE00DA6C3BB8}.Debug|x86.Build.0 = Debug|Any CPU
		{3AE848E4-EF57-4227-BAF9-DE00DA6C3BB8}.Release|Any CPU.ActiveCfg = Release|Any CPU
		{3AE848E4-EF57-4227-BAF9-DE00DA6C3BB8}.Release|Any CPU.Build.0 = Release|Any CPU
		{3AE848E4-EF57-4227-BAF9-DE00DA6C3BB8}.Release|x64.ActiveCfg = Release|Any CPU
		{3AE848E4-EF57-4227-BAF9-DE00DA6C3BB8}.Release|x64.Build.0 = Release|Any CPU
		{3AE848E4-EF57-4227-BAF9-DE00DA6C3BB8}.Release|x86.ActiveCfg = Release|Any CPU
		{3AE848E4-EF57-4227-BAF9-DE00DA6C3BB8}.Release|x86.Build.0 = Release|Any CPU
		{DE4EB6C7-D599-46EC-9D3A-6E8FDFDEC170}.Debug|Any CPU.ActiveCfg = Debug|Any CPU
		{DE4EB6C7-D599-46EC-9D3A-6E8FDFDEC170}.Debug|Any CPU.Build.0 = Debug|Any CPU
		{DE4EB6C7-D599-46EC-9D3A-6E8FDFDEC170}.Debug|x64.ActiveCfg = Debug|Any CPU
		{DE4EB6C7-D599-46EC-9D3A-6E8FDFDEC170}.Debug|x64.Build.0 = Debug|Any CPU
		{DE4EB6C7-D599-46EC-9D3A-6E8FDFDEC170}.Debug|x86.ActiveCfg = Debug|Any CPU
		{DE4EB6C7-D599-46EC-9D3A-6E8FDFDEC170}.Debug|x86.Build.0 = Debug|Any CPU
		{DE4EB6C7-D599-46EC-9D3A-6E8FDFDEC170}.Release|Any CPU.ActiveCfg = Release|Any CPU
		{DE4EB6C7-D599-46EC-9D3A-6E8FDFDEC170}.Release|Any CPU.Build.0 = Release|Any CPU
		{DE4EB6C7-D599-46EC-9D3A-6E8FDFDEC170}.Release|x64.ActiveCfg = Release|Any CPU
		{DE4EB6C7-D599-46EC-9D3A-6E8FDFDEC170}.Release|x64.Build.0 = Release|Any CPU
		{DE4EB6C7-D599-46EC-9D3A-6E8FDFDEC170}.Release|x86.ActiveCfg = Release|Any CPU
		{DE4EB6C7-D599-46EC-9D3A-6E8FDFDEC170}.Release|x86.Build.0 = Release|Any CPU
		{3236B723-C993-4EED-87EE-FF94B0679F51}.Debug|Any CPU.ActiveCfg = Debug|Any CPU
		{3236B723-C993-4EED-87EE-FF94B0679F51}.Debug|Any CPU.Build.0 = Debug|Any CPU
		{3236B723-C993-4EED-87EE-FF94B0679F51}.Debug|x64.ActiveCfg = Debug|Any CPU
		{3236B723-C993-4EED-87EE-FF94B0679F51}.Debug|x64.Build.0 = Debug|Any CPU
		{3236B723-C993-4EED-87EE-FF94B0679F51}.Debug|x86.ActiveCfg = Debug|Any CPU
		{3236B723-C993-4EED-87EE-FF94B0679F51}.Debug|x86.Build.0 = Debug|Any CPU
		{3236B723-C993-4EED-87EE-FF94B0679F51}.Release|Any CPU.ActiveCfg = Release|Any CPU
		{3236B723-C993-4EED-87EE-FF94B0679F51}.Release|Any CPU.Build.0 = Release|Any CPU
		{3236B723-C993-4EED-87EE-FF94B0679F51}.Release|x64.ActiveCfg = Release|Any CPU
		{3236B723-C993-4EED-87EE-FF94B0679F51}.Release|x64.Build.0 = Release|Any CPU
		{3236B723-C993-4EED-87EE-FF94B0679F51}.Release|x86.ActiveCfg = Release|Any CPU
		{3236B723-C993-4EED-87EE-FF94B0679F51}.Release|x86.Build.0 = Release|Any CPU
	EndGlobalSection
	GlobalSection(SolutionProperties) = preSolution
		HideSolutionNode = FALSE
	EndGlobalSection
	GlobalSection(NestedProjects) = preSolution
		{3AE848E4-EF57-4227-BAF9-DE00DA6C3BB8} = {953EE581-F49C-4C2A-BD99-940D9C6B7AAB}
		{DE4EB6C7-D599-46EC-9D3A-6E8FDFDEC170} = {F3D147E8-53BF-4409-9067-997791C458A8}
		{3236B723-C993-4EED-87EE-FF94B0679F51} = {29F3AA1B-6D75-C75D-9183-749A65CD24A7}
	EndGlobalSection
EndGlobal
